
Microsoft Visual Studio Solution File, Format Version 12.00
# Visual Studio 15
Project("{FAE04EC0-301F-11D3-BF4B-00C04F79EFBC}") = "Assembly-CSharp", "Assembly-CSharp.csproj", "{D0821E6F-C4E6-B963-48A1-86B528A133EC}"
EndProject
Global
	GlobalSection(SolutionConfigurationPlatforms) = preSolution
		Debug|Any CPU = Debug|Any CPU
		Release|Any CPU = Release|Any CPU
	EndGlobalSection
	GlobalSection(ProjectConfigurationPlatforms) = postSolution
		{D0821E6F-C4E6-B963-48A1-86B528A133EC}.Debug|Any CPU.ActiveCfg = Debug|Any CPU
		{D0821E6F-C4E6-B963-48A1-86B528A133EC}.Debug|Any CPU.Build.0 = Debug|Any CPU
		{D0821E6F-C4E6-B963-48A1-86B528A133EC}.Release|Any CPU.ActiveCfg = Release|Any CPU
		{D0821E6F-C4E6-B963-48A1-86B528A133EC}.Release|Any CPU.Build.0 = Release|Any CPU
	EndGlobalSection
	GlobalSection(SolutionProperties) = preSolution
		HideSolutionNode = FALSE
	EndGlobalSection
EndGlobal
